
Microsoft Visual Studio Solution File, Format Version 12.00
# Visual Studio Version 17
VisualStudioVersion = 17.4.33205.214
MinimumVisualStudioVersion = 10.0.40219.1
Project("{8BC9CEB8-8B4A-11D0-8D11-00A0C91BC942}") = "Chapter1_10", "Chapter1_10\Chapter1_10.vcxproj", "{BB546FCE-A5BF-4845-AD47-FDFB849DC9A7}"
EndProject
Project("{8BC9CEB8-8B4A-11D0-8D11-00A0C91BC942}") = "Chapter1_11", "Chapter1_11\Chapter1_11.vcxproj", "{630E89C8-4968-4805-B6EE-DA8C7E7CB75E}"
EndProject
Project("{8BC9CEB8-8B4A-11D0-8D11-00A0C91BC942}") = "Chapter1_12", "Chapter1_12\Chapter1_12.vcxproj", "{2CFED39B-3A89-481F-9431-09CE6A0E2EA5}"
EndProject
Project("{8BC9CEB8-8B4A-11D0-8D11-00A0C91BC942}") = "Chapter1_13", "Chapter1_13\Chapter1_13.vcxproj", "{E0C39C97-6257-44F1-BEC9-FF79BF3884F8}"
EndProject
Project("{8BC9CEB8-8B4A-11D0-8D11-00A0C91BC942}") = "Chapter1_14", "Chapter1_14\Chapter1_14.vcxproj", "{6E176439-94B1-44D4-AD79-3C3E210ECE70}"
EndProject
Project("{8BC9CEB8-8B4A-11D0-8D11-00A0C91BC942}") = "Chapter1_16", "Chapter1_16\Chapter1_16.vcxproj", "{BB968A7A-15AB-4B7B-9457-B5AB57360416}"
EndProject
Project("{8BC9CEB8-8B4A-11D0-8D11-00A0C91BC942}") = "Chapter2_5", "Chapter2_5\Chapter2_5.vcxproj", "{9C079735-495E-40BA-BC99-538741054B9B}"
EndProject
Project("{8BC9CEB8-8B4A-11D0-8D11-00A0C91BC942}") = "Chapter2_7", "Chapter2_7\Chapter2_7.vcxproj", "{C9EB6430-68C0-4B26-AB15-C79EC21B6F45}"
EndProject
Project("{8BC9CEB8-8B4A-11D0-8D11-00A0C91BC942}") = "Chapter2_8", "Chapter2_8\Chapter2_8.vcxproj", "{2219AEB0-ED3F-44B4-A20F-17CD7876BE0F}"
EndProject
Project("{8BC9CEB8-8B4A-11D0-8D11-00A0C91BC942}") = "Chapter2_9", "Chapter2_9\Chapter2_9.vcxproj", "{A5911073-B252-4764-91C4-EE4D854EAB20}"
EndProject
Project("{8BC9CEB8-8B4A-11D0-8D11-00A0C91BC942}") = "Chapter3_1", "Chapter3_1\Chapter3_1.vcxproj", "{C81F3825-F7F3-4F0D-93EF-E1B5357BF1CD}"
EndProject
Project("{8BC9CEB8-8B4A-11D0-8D11-00A0C91BC942}") = "Chapter3_2", "Chapter3_2\Chapter3_2.vcxproj", "{AB51475C-F08F-414B-97DC-5C7980A18322}"
EndProject
Project("{8BC9CEB8-8B4A-11D0-8D11-00A0C91BC942}") = "Chapter3_3", "Chapter3_3\Chapter3_3.vcxproj", "{0C624844-9BBC-449A-81AD-57651FA3EED0}"
EndProject
Project("{8BC9CEB8-8B4A-11D0-8D11-00A0C91BC942}") = "Chapter3_4", "Chapter3_4\Chapter3_4.vcxproj", "{0375B7A7-31EE-404A-A17F-010056C7646C}"
EndProject
Project("{8BC9CEB8-8B4A-11D0-8D11-00A0C91BC942}") = "Chapter3_5", "Chapter3_5\Chapter3_5.vcxproj", "{8A7D6284-A9C4-4375-8AD2-4DBB8E2C0E21}"
EndProject
Project("{8BC9CEB8-8B4A-11D0-8D11-00A0C91BC942}") = "Chapter3_6", "Chapter3_6\Chapter3_6.vcxproj", "{4A3F5371-0DD1-47C7-B88F-5F929C593183}"
EndProject
Project("{8BC9CEB8-8B4A-11D0-8D11-00A0C91BC942}") = "Chapter3_8", "Chapter3_8\Chapter3_8.vcxproj", "{6BBC9246-ADC6-436F-9FF8-F7903A9BCC45}"
EndProject
Project("{8BC9CEB8-8B4A-11D0-8D11-00A0C91BC942}") = "Chapter3_9", "Chapter3_9\Chapter3_9.vcxproj", "{D3163A79-0911-4669-9782-DA566F4B2305}"
EndProject
Project("{8BC9CEB8-8B4A-11D0-8D11-00A0C91BC942}") = "Chapter3_9_BIt_mask", "Chapter3_9_BIt_mask\Chapter3_9_BIt_mask.vcxproj", "{9111A82C-00E4-40F3-BB0C-07CDD7A632AD}"
EndProject
Project("{8BC9CEB8-8B4A-11D0-8D11-00A0C91BC942}") = "Chapter4_1", "Chapter4_1\Chapter4_1.vcxproj", "{C0DCAFC0-3381-44B9-B064-E10964B50F9B}"
EndProject
Project("{8BC9CEB8-8B4A-11D0-8D11-00A0C91BC942}") = "Chapter4_2", "Chapter4_2\Chapter4_2.vcxproj", "{67DE8306-D3C1-4B47-926E-ABE53ECDDB02}"
EndProject
Project("{8BC9CEB8-8B4A-11D0-8D11-00A0C91BC942}") = "Chapter4_3", "Chapter4_3\Chapter4_3.vcxproj", "{29CF6106-449B-4CAD-A40F-B35EA655EDE8}"
EndProject
Project("{8BC9CEB8-8B4A-11D0-8D11-00A0C91BC942}") = "Chapter4_4", "Chapter4_4\Chapter4_4.vcxproj", "{3B35157E-D187-4334-A732-268FF9F5523D}"
EndProject
Project("{8BC9CEB8-8B4A-11D0-8D11-00A0C91BC942}") = "Chapter4_5", "Chapter4_5\Chapter4_5.vcxproj", "{D43CD20A-E4CA-4831-9F69-66F96713F76E}"
EndProject
Project("{8BC9CEB8-8B4A-11D0-8D11-00A0C91BC942}") = "Chapter4_6", "Chapter4_6\Chapter4_6.vcxproj", "{45611C0A-EC69-446A-9025-F8183EB058A3}"
EndProject
Project("{8BC9CEB8-8B4A-11D0-8D11-00A0C91BC942}") = "Chapter4_7", "Chapter4_7\Chapter4_7.vcxproj", "{F12C6F5D-8757-4B62-A35B-F9064B661AD6}"
EndProject
Project("{8BC9CEB8-8B4A-11D0-8D11-00A0C91BC942}") = "Chapter4_8", "Chapter4_8\Chapter4_8.vcxproj", "{D8370730-26A9-475D-9C9A-5ACB690A6342}"
EndProject
Project("{8BC9CEB8-8B4A-11D0-8D11-00A0C91BC942}") = "Chpater4_9", "Chpater4_9\Chpater4_9.vcxproj", "{44291C25-FAEE-40AB-80B0-3AB0CAA94B74}"
EndProject
Project("{8BC9CEB8-8B4A-11D0-8D11-00A0C91BC942}") = "Chapter4_10", "Chapter4_10\Chapter4_10.vcxproj", "{29ED0CEE-EB3E-463E-B2E9-91FF2770D541}"
EndProject
Project("{8BC9CEB8-8B4A-11D0-8D11-00A0C91BC942}") = "Chapter5_2", "Chapter5_1\Chapter5_1.vcxproj", "{FCAE218C-6A4F-4465-9F31-07F5E9DDF976}"
EndProject
Project("{8BC9CEB8-8B4A-11D0-8D11-00A0C91BC942}") = "Chapter5_03", "Chapter5_01\Chapter5_01.vcxproj", "{40C9FF19-E24C-4AE3-A296-F85F483FF451}"
EndProject
Project("{8BC9CEB8-8B4A-11D0-8D11-00A0C91BC942}") = "Chapter5_05", "Chapter5_05\Chapter5_05.vcxproj", "{81E6D2FA-712D-4797-A3CE-4F15A6973E9B}"
EndProject
Project("{8BC9CEB8-8B4A-11D0-8D11-00A0C91BC942}") = "Chapter5_06", "Chapter5_06\Chapter5_06.vcxproj", "{D1A238D9-6299-446B-9418-B58AE0FDF252}"
EndProject
Project("{8BC9CEB8-8B4A-11D0-8D11-00A0C91BC942}") = "Chapter5_07", "Chapter5_07\Chapter5_07.vcxproj", "{A3882D44-5CDD-4005-90CD-1D3F15D8DFDB}"
EndProject
Project("{8BC9CEB8-8B4A-11D0-8D11-00A0C91BC942}") = "Chapter5_08", "Chapter5_08\Chapter5_08.vcxproj", "{BF3621D7-FE77-4199-A9A9-79427A954487}"
EndProject
Project("{8BC9CEB8-8B4A-11D0-8D11-00A0C91BC942}") = "Chpater5_09", "Chpater5_09\Chpater5_09.vcxproj", "{DB84924C-C1BF-4A87-B810-E81FF57B6145}"
EndProject
Project("{8BC9CEB8-8B4A-11D0-8D11-00A0C91BC942}") = "Chapter05_10", "Chapter05_10\Chapter05_10.vcxproj", "{A4789FDC-BCC0-47E7-AAE7-4702EA6D5EE9}"
EndProject
Project("{8BC9CEB8-8B4A-11D0-8D11-00A0C91BC942}") = "Chapter06_01", "Chapter06_01\Chapter06_01.vcxproj", "{5D6B2C6E-8100-4D52-B57D-A464C88C85EA}"
EndProject
Project("{8BC9CEB8-8B4A-11D0-8D11-00A0C91BC942}") = "Chapter06_03", "Chapter06_03\Chapter06_03.vcxproj", "{CB326903-3FA4-458D-81E6-5D831DD733D8}"
EndProject
Project("{8BC9CEB8-8B4A-11D0-8D11-00A0C91BC942}") = "Chapter06_04", "Chapter06_04\Chapter06_04.vcxproj", "{D17468D0-7DD6-4511-8FD2-5BD00AD60F5E}"
EndProject
Project("{8BC9CEB8-8B4A-11D0-8D11-00A0C91BC942}") = "Chapter06_05", "Chapter06_05\Chapter06_05.vcxproj", "{307107D0-1CB9-4340-BC52-4C59AA16CC01}"
EndProject
Project("{8BC9CEB8-8B4A-11D0-8D11-00A0C91BC942}") = "Chapter06_06", "Chapter06_06\Chapter06_06.vcxproj", "{8173A2E4-0360-4C4E-B3DA-B65C17038396}"
EndProject
Project("{8BC9CEB8-8B4A-11D0-8D11-00A0C91BC942}") = "Chapter06_07", "Chapter06_07\Chapter06_07.vcxproj", "{44F3B01A-9728-45C0-9A63-62CD7F62F8F6}"
EndProject
Project("{8BC9CEB8-8B4A-11D0-8D11-00A0C91BC942}") = "Chpater06_07a", "Chpater06_07\Chpater06_07.vcxproj", "{9FA96886-6CB2-403A-B984-1D3C5C1D6D18}"
EndProject
Project("{8BC9CEB8-8B4A-11D0-8D11-00A0C91BC942}") = "Chapter06_08", "Chapter06_08\Chapter06_08.vcxproj", "{8C2E6A8C-4B7D-47D5-A015-454FBB731D1E}"
EndProject
Project("{8BC9CEB8-8B4A-11D0-8D11-00A0C91BC942}") = "Chapter06_09", "Chapter06_09\Chapter06_09.vcxproj", "{20DDCD04-6B54-4575-B252-69C13185DADE}"
EndProject
Project("{8BC9CEB8-8B4A-11D0-8D11-00A0C91BC942}") = "Chapter06_10", "Chapter06_10\Chapter06_10.vcxproj", "{466DD643-83D8-4FB6-93FC-D4377E5FF9B1}"
EndProject
Project("{8BC9CEB8-8B4A-11D0-8D11-00A0C91BC942}") = "Chapter06_11", "Chapter06_11\Chapter06_11.vcxproj", "{234CE422-3A86-475D-8D6C-B0968F7F091C}"
EndProject
Project("{8BC9CEB8-8B4A-11D0-8D11-00A0C91BC942}") = "Chapter06_12", "Chapter06_12\Chapter06_12.vcxproj", "{D79C545A-CDB6-4496-A228-F4F7D71F9522}"
EndProject
Project("{8BC9CEB8-8B4A-11D0-8D11-00A0C91BC942}") = "Chapter06_13", "Chapter06_13\Chapter06_13.vcxproj", "{A482EE1B-DE37-463E-937B-174E597EA453}"
EndProject
Project("{8BC9CEB8-8B4A-11D0-8D11-00A0C91BC942}") = "Chapter06_14", "Chapter06_14\Chapter06_14.vcxproj", "{8489E5B8-01DF-4AE7-BF89-0BBECA25805D}"
EndProject
Project("{8BC9CEB8-8B4A-11D0-8D11-00A0C91BC942}") = "Chapter06_15", "Chapter06_15\Chapter06_15.vcxproj", "{238D1D35-3C99-4984-AF98-EDAC4E108526}"
EndProject
Project("{8BC9CEB8-8B4A-11D0-8D11-00A0C91BC942}") = "Chpater06_16", "Chpater06_16\Chpater06_16.vcxproj", "{AFE72DE8-526C-4CDC-80D5-540E8C387BBF}"
EndProject
Project("{8BC9CEB8-8B4A-11D0-8D11-00A0C91BC942}") = "Chapter06_17", "Chapter06_17\Chapter06_17.vcxproj", "{4BE0FECB-2023-4A0F-BDFB-F313DFC71FE2}"
EndProject
Project("{8BC9CEB8-8B4A-11D0-8D11-00A0C91BC942}") = "Chapter06_18", "Chapter06_18\Chapter06_18.vcxproj", "{645657A2-95D7-4DA5-A64D-AA41DA937DA1}"
EndProject
Project("{8BC9CEB8-8B4A-11D0-8D11-00A0C91BC942}") = "Chapter06_19", "Chapter06_19\Chapter06_19.vcxproj", "{D209F579-F74B-4966-AD87-6B05CAB854A2}"
EndProject
Project("{8BC9CEB8-8B4A-11D0-8D11-00A0C91BC942}") = "Chapter08_01", "Chapter08_01\Chapter08_01.vcxproj", "{B187B8EE-9E67-4CC4-BE63-61BFFE8D0049}"
EndProject
Project("{8BC9CEB8-8B4A-11D0-8D11-00A0C91BC942}") = "Chapter06_20", "Chapter_06_20\Chapter_06_20.vcxproj", "{818F58C5-BF89-4E1F-9677-42B12561EB0D}"
EndProject
Project("{8BC9CEB8-8B4A-11D0-8D11-00A0C91BC942}") = "Chapter06_21", "Chapter06_21\Chapter06_21.vcxproj", "{EA6D0972-A6C9-491E-8E13-B7287A906EA5}"
EndProject
Project("{8BC9CEB8-8B4A-11D0-8D11-00A0C91BC942}") = "Chapter07_01", "Chapter07_01\Chapter07_01.vcxproj", "{65DEACAB-185F-4E19-AD30-7A6091AC8D30}"
EndProject
Project("{8BC9CEB8-8B4A-11D0-8D11-00A0C91BC942}") = "Chapter07_02", "Chapter07_02\Chapter07_02.vcxproj", "{2CE2C3B3-B0E1-4545-B228-648421FB2D35}"
EndProject
Project("{8BC9CEB8-8B4A-11D0-8D11-00A0C91BC942}") = "Chapter07_03", "Chapter07_03\Chapter07_03.vcxproj", "{ED0A4D7D-8AD9-4ECD-A6B1-0B040EC93846}"
EndProject
Project("{8BC9CEB8-8B4A-11D0-8D11-00A0C91BC942}") = "Chapter07_05", "Chapter07_05\Chapter07_05.vcxproj", "{D1D2325D-998D-4410-A70A-F1F8979B083F}"
EndProject
Project("{8BC9CEB8-8B4A-11D0-8D11-00A0C91BC942}") = "Chapter07_06", "Chapter07_06\Chapter07_06.vcxproj", "{90D83B87-877C-40C0-A746-86214AA7C565}"
EndProject
Project("{8BC9CEB8-8B4A-11D0-8D11-00A0C91BC942}") = "Chapter07_07", "Chapter07_07\Chapter07_07.vcxproj", "{76494887-884A-4936-89D6-3E827D77832D}"
EndProject
Project("{8BC9CEB8-8B4A-11D0-8D11-00A0C91BC942}") = "Chapter07_08", "Chapter07_08\Chapter07_08.vcxproj", "{89A55567-FF37-426A-81DC-0F44BD92014E}"
EndProject
Project("{8BC9CEB8-8B4A-11D0-8D11-00A0C91BC942}") = "Chapter07_09", "Chapter07_09\Chapter07_09.vcxproj", "{99594A87-2C2F-4B83-80FE-7821201FC932}"
EndProject
Project("{8BC9CEB8-8B4A-11D0-8D11-00A0C91BC942}") = "Chapter07_10", "Chapter07_10\Chapter07_10.vcxproj", "{03B66032-561F-43BD-8BDF-8F02C90827F4}"
EndProject
Project("{8BC9CEB8-8B4A-11D0-8D11-00A0C91BC942}") = "Chapter07_12", "Chapter07_12\Chapter07_12.vcxproj", "{26457D04-FD1F-4FBC-B72D-DF0A0725E7AA}"
EndProject
Project("{8BC9CEB8-8B4A-11D0-8D11-00A0C91BC942}") = "Chapter07_13", "Chapter07_13\Chapter07_13.vcxproj", "{36C8BCBA-CD2A-40BD-AC9F-FE766165AF65}"
EndProject
Project("{8BC9CEB8-8B4A-11D0-8D11-00A0C91BC942}") = "Chapter07_14", "Chapter07_14\Chapter07_14.vcxproj", "{234AFCBD-2E93-457C-A509-3B5EE5817733}"
EndProject
Project("{8BC9CEB8-8B4A-11D0-8D11-00A0C91BC942}") = "Chpater07_15", "Chpater07_15\Chpater07_15.vcxproj", "{F4D41FC1-560C-402C-A30B-A5D79CED1860}"
EndProject
Project("{8BC9CEB8-8B4A-11D0-8D11-00A0C91BC942}") = "Chapter07_16", "Chapter07_16\Chapter07_16.vcxproj", "{A184CA4A-419E-4559-85CC-33A9B4A4D130}"
EndProject
Global
	GlobalSection(SolutionConfigurationPlatforms) = preSolution
		Debug|x64 = Debug|x64
		Debug|x86 = Debug|x86
		Release|x64 = Release|x64
		Release|x86 = Release|x86
	EndGlobalSection
	GlobalSection(ProjectConfigurationPlatforms) = postSolution
		{BB546FCE-A5BF-4845-AD47-FDFB849DC9A7}.Debug|x64.ActiveCfg = Debug|x64
		{BB546FCE-A5BF-4845-AD47-FDFB849DC9A7}.Debug|x64.Build.0 = Debug|x64
		{BB546FCE-A5BF-4845-AD47-FDFB849DC9A7}.Debug|x86.ActiveCfg = Debug|Win32
		{BB546FCE-A5BF-4845-AD47-FDFB849DC9A7}.Debug|x86.Build.0 = Debug|Win32
		{BB546FCE-A5BF-4845-AD47-FDFB849DC9A7}.Release|x64.ActiveCfg = Release|x64
		{BB546FCE-A5BF-4845-AD47-FDFB849DC9A7}.Release|x64.Build.0 = Release|x64
		{BB546FCE-A5BF-4845-AD47-FDFB849DC9A7}.Release|x86.ActiveCfg = Release|Win32
		{BB546FCE-A5BF-4845-AD47-FDFB849DC9A7}.Release|x86.Build.0 = Release|Win32
		{630E89C8-4968-4805-B6EE-DA8C7E7CB75E}.Debug|x64.ActiveCfg = Debug|x64
		{630E89C8-4968-4805-B6EE-DA8C7E7CB75E}.Debug|x64.Build.0 = Debug|x64
		{630E89C8-4968-4805-B6EE-DA8C7E7CB75E}.Debug|x86.ActiveCfg = Debug|Win32
		{630E89C8-4968-4805-B6EE-DA8C7E7CB75E}.Debug|x86.Build.0 = Debug|Win32
		{630E89C8-4968-4805-B6EE-DA8C7E7CB75E}.Release|x64.ActiveCfg = Release|x64
		{630E89C8-4968-4805-B6EE-DA8C7E7CB75E}.Release|x64.Build.0 = Release|x64
		{630E89C8-4968-4805-B6EE-DA8C7E7CB75E}.Release|x86.ActiveCfg = Release|Win32
		{630E89C8-4968-4805-B6EE-DA8C7E7CB75E}.Release|x86.Build.0 = Release|Win32
		{2CFED39B-3A89-481F-9431-09CE6A0E2EA5}.Debug|x64.ActiveCfg = Debug|x64
		{2CFED39B-3A89-481F-9431-09CE6A0E2EA5}.Debug|x64.Build.0 = Debug|x64
		{2CFED39B-3A89-481F-9431-09CE6A0E2EA5}.Debug|x86.ActiveCfg = Debug|Win32
		{2CFED39B-3A89-481F-9431-09CE6A0E2EA5}.Debug|x86.Build.0 = Debug|Win32
		{2CFED39B-3A89-481F-9431-09CE6A0E2EA5}.Release|x64.ActiveCfg = Release|x64
		{2CFED39B-3A89-481F-9431-09CE6A0E2EA5}.Release|x64.Build.0 = Release|x64
		{2CFED39B-3A89-481F-9431-09CE6A0E2EA5}.Release|x86.ActiveCfg = Release|Win32
		{2CFED39B-3A89-481F-9431-09CE6A0E2EA5}.Release|x86.Build.0 = Release|Win32
		{E0C39C97-6257-44F1-BEC9-FF79BF3884F8}.Debug|x64.ActiveCfg = Debug|x64
		{E0C39C97-6257-44F1-BEC9-FF79BF3884F8}.Debug|x64.Build.0 = Debug|x64
		{E0C39C97-6257-44F1-BEC9-FF79BF3884F8}.Debug|x86.ActiveCfg = Debug|Win32
		{E0C39C97-6257-44F1-BEC9-FF79BF3884F8}.Debug|x86.Build.0 = Debug|Win32
		{E0C39C97-6257-44F1-BEC9-FF79BF3884F8}.Release|x64.ActiveCfg = Release|x64
		{E0C39C97-6257-44F1-BEC9-FF79BF3884F8}.Release|x64.Build.0 = Release|x64
		{E0C39C97-6257-44F1-BEC9-FF79BF3884F8}.Release|x86.ActiveCfg = Release|Win32
		{E0C39C97-6257-44F1-BEC9-FF79BF3884F8}.Release|x86.Build.0 = Release|Win32
		{6E176439-94B1-44D4-AD79-3C3E210ECE70}.Debug|x64.ActiveCfg = Debug|x64
		{6E176439-94B1-44D4-AD79-3C3E210ECE70}.Debug|x64.Build.0 = Debug|x64
		{6E176439-94B1-44D4-AD79-3C3E210ECE70}.Debug|x86.ActiveCfg = Debug|Win32
		{6E176439-94B1-44D4-AD79-3C3E210ECE70}.Debug|x86.Build.0 = Debug|Win32
		{6E176439-94B1-44D4-AD79-3C3E210ECE70}.Release|x64.ActiveCfg = Release|x64
		{6E176439-94B1-44D4-AD79-3C3E210ECE70}.Release|x64.Build.0 = Release|x64
		{6E176439-94B1-44D4-AD79-3C3E210ECE70}.Release|x86.ActiveCfg = Release|Win32
		{6E176439-94B1-44D4-AD79-3C3E210ECE70}.Release|x86.Build.0 = Release|Win32
		{BB968A7A-15AB-4B7B-9457-B5AB57360416}.Debug|x64.ActiveCfg = Debug|x64
		{BB968A7A-15AB-4B7B-9457-B5AB57360416}.Debug|x64.Build.0 = Debug|x64
		{BB968A7A-15AB-4B7B-9457-B5AB57360416}.Debug|x86.ActiveCfg = Debug|Win32
		{BB968A7A-15AB-4B7B-9457-B5AB57360416}.Debug|x86.Build.0 = Debug|Win32
		{BB968A7A-15AB-4B7B-9457-B5AB57360416}.Release|x64.ActiveCfg = Release|x64
		{BB968A7A-15AB-4B7B-9457-B5AB57360416}.Release|x64.Build.0 = Release|x64
		{BB968A7A-15AB-4B7B-9457-B5AB57360416}.Release|x86.ActiveCfg = Release|Win32
		{BB968A7A-15AB-4B7B-9457-B5AB57360416}.Release|x86.Build.0 = Release|Win32
		{9C079735-495E-40BA-BC99-538741054B9B}.Debug|x64.ActiveCfg = Debug|x64
		{9C079735-495E-40BA-BC99-538741054B9B}.Debug|x64.Build.0 = Debug|x64
		{9C079735-495E-40BA-BC99-538741054B9B}.Debug|x86.ActiveCfg = Debug|Win32
		{9C079735-495E-40BA-BC99-538741054B9B}.Debug|x86.Build.0 = Debug|Win32
		{9C079735-495E-40BA-BC99-538741054B9B}.Release|x64.ActiveCfg = Release|x64
		{9C079735-495E-40BA-BC99-538741054B9B}.Release|x64.Build.0 = Release|x64
		{9C079735-495E-40BA-BC99-538741054B9B}.Release|x86.ActiveCfg = Release|Win32
		{9C079735-495E-40BA-BC99-538741054B9B}.Release|x86.Build.0 = Release|Win32
		{C9EB6430-68C0-4B26-AB15-C79EC21B6F45}.Debug|x64.ActiveCfg = Debug|x64
		{C9EB6430-68C0-4B26-AB15-C79EC21B6F45}.Debug|x64.Build.0 = Debug|x64
		{C9EB6430-68C0-4B26-AB15-C79EC21B6F45}.Debug|x86.ActiveCfg = Debug|Win32
		{C9EB6430-68C0-4B26-AB15-C79EC21B6F45}.Debug|x86.Build.0 = Debug|Win32
		{C9EB6430-68C0-4B26-AB15-C79EC21B6F45}.Release|x64.ActiveCfg = Release|x64
		{C9EB6430-68C0-4B26-AB15-C79EC21B6F45}.Release|x64.Build.0 = Release|x64
		{C9EB6430-68C0-4B26-AB15-C79EC21B6F45}.Release|x86.ActiveCfg = Release|Win32
		{C9EB6430-68C0-4B26-AB15-C79EC21B6F45}.Release|x86.Build.0 = Release|Win32
		{2219AEB0-ED3F-44B4-A20F-17CD7876BE0F}.Debug|x64.ActiveCfg = Debug|x64
		{2219AEB0-ED3F-44B4-A20F-17CD7876BE0F}.Debug|x64.Build.0 = Debug|x64
		{2219AEB0-ED3F-44B4-A20F-17CD7876BE0F}.Debug|x86.ActiveCfg = Debug|Win32
		{2219AEB0-ED3F-44B4-A20F-17CD7876BE0F}.Debug|x86.Build.0 = Debug|Win32
		{2219AEB0-ED3F-44B4-A20F-17CD7876BE0F}.Release|x64.ActiveCfg = Release|x64
		{2219AEB0-ED3F-44B4-A20F-17CD7876BE0F}.Release|x64.Build.0 = Release|x64
		{2219AEB0-ED3F-44B4-A20F-17CD7876BE0F}.Release|x86.ActiveCfg = Release|Win32
		{2219AEB0-ED3F-44B4-A20F-17CD7876BE0F}.Release|x86.Build.0 = Release|Win32
		{A5911073-B252-4764-91C4-EE4D854EAB20}.Debug|x64.ActiveCfg = Debug|x64
		{A5911073-B252-4764-91C4-EE4D854EAB20}.Debug|x64.Build.0 = Debug|x64
		{A5911073-B252-4764-91C4-EE4D854EAB20}.Debug|x86.ActiveCfg = Debug|Win32
		{A5911073-B252-4764-91C4-EE4D854EAB20}.Debug|x86.Build.0 = Debug|Win32
		{A5911073-B252-4764-91C4-EE4D854EAB20}.Release|x64.ActiveCfg = Release|x64
		{A5911073-B252-4764-91C4-EE4D854EAB20}.Release|x64.Build.0 = Release|x64
		{A5911073-B252-4764-91C4-EE4D854EAB20}.Release|x86.ActiveCfg = Release|Win32
		{A5911073-B252-4764-91C4-EE4D854EAB20}.Release|x86.Build.0 = Release|Win32
		{C81F3825-F7F3-4F0D-93EF-E1B5357BF1CD}.Debug|x64.ActiveCfg = Debug|x64
		{C81F3825-F7F3-4F0D-93EF-E1B5357BF1CD}.Debug|x64.Build.0 = Debug|x64
		{C81F3825-F7F3-4F0D-93EF-E1B5357BF1CD}.Debug|x86.ActiveCfg = Debug|Win32
		{C81F3825-F7F3-4F0D-93EF-E1B5357BF1CD}.Debug|x86.Build.0 = Debug|Win32
		{C81F3825-F7F3-4F0D-93EF-E1B5357BF1CD}.Release|x64.ActiveCfg = Release|x64
		{C81F3825-F7F3-4F0D-93EF-E1B5357BF1CD}.Release|x64.Build.0 = Release|x64
		{C81F3825-F7F3-4F0D-93EF-E1B5357BF1CD}.Release|x86.ActiveCfg = Release|Win32
		{C81F3825-F7F3-4F0D-93EF-E1B5357BF1CD}.Release|x86.Build.0 = Release|Win32
		{AB51475C-F08F-414B-97DC-5C7980A18322}.Debug|x64.ActiveCfg = Debug|x64
		{AB51475C-F08F-414B-97DC-5C7980A18322}.Debug|x64.Build.0 = Debug|x64
		{AB51475C-F08F-414B-97DC-5C7980A18322}.Debug|x86.ActiveCfg = Debug|Win32
		{AB51475C-F08F-414B-97DC-5C7980A18322}.Debug|x86.Build.0 = Debug|Win32
		{AB51475C-F08F-414B-97DC-5C7980A18322}.Release|x64.ActiveCfg = Release|x64
		{AB51475C-F08F-414B-97DC-5C7980A18322}.Release|x64.Build.0 = Release|x64
		{AB51475C-F08F-414B-97DC-5C7980A18322}.Release|x86.ActiveCfg = Release|Win32
		{AB51475C-F08F-414B-97DC-5C7980A18322}.Release|x86.Build.0 = Release|Win32
		{0C624844-9BBC-449A-81AD-57651FA3EED0}.Debug|x64.ActiveCfg = Debug|x64
		{0C624844-9BBC-449A-81AD-57651FA3EED0}.Debug|x64.Build.0 = Debug|x64
		{0C624844-9BBC-449A-81AD-57651FA3EED0}.Debug|x86.ActiveCfg = Debug|Win32
		{0C624844-9BBC-449A-81AD-57651FA3EED0}.Debug|x86.Build.0 = Debug|Win32
		{0C624844-9BBC-449A-81AD-57651FA3EED0}.Release|x64.ActiveCfg = Release|x64
		{0C624844-9BBC-449A-81AD-57651FA3EED0}.Release|x64.Build.0 = Release|x64
		{0C624844-9BBC-449A-81AD-57651FA3EED0}.Release|x86.ActiveCfg = Release|Win32
		{0C624844-9BBC-449A-81AD-57651FA3EED0}.Release|x86.Build.0 = Release|Win32
		{0375B7A7-31EE-404A-A17F-010056C7646C}.Debug|x64.ActiveCfg = Debug|x64
		{0375B7A7-31EE-404A-A17F-010056C7646C}.Debug|x64.Build.0 = Debug|x64
		{0375B7A7-31EE-404A-A17F-010056C7646C}.Debug|x86.ActiveCfg = Debug|Win32
		{0375B7A7-31EE-404A-A17F-010056C7646C}.Debug|x86.Build.0 = Debug|Win32
		{0375B7A7-31EE-404A-A17F-010056C7646C}.Release|x64.ActiveCfg = Release|x64
		{0375B7A7-31EE-404A-A17F-010056C7646C}.Release|x64.Build.0 = Release|x64
		{0375B7A7-31EE-404A-A17F-010056C7646C}.Release|x86.ActiveCfg = Release|Win32
		{0375B7A7-31EE-404A-A17F-010056C7646C}.Release|x86.Build.0 = Release|Win32
		{8A7D6284-A9C4-4375-8AD2-4DBB8E2C0E21}.Debug|x64.ActiveCfg = Debug|x64
		{8A7D6284-A9C4-4375-8AD2-4DBB8E2C0E21}.Debug|x64.Build.0 = Debug|x64
		{8A7D6284-A9C4-4375-8AD2-4DBB8E2C0E21}.Debug|x86.ActiveCfg = Debug|Win32
		{8A7D6284-A9C4-4375-8AD2-4DBB8E2C0E21}.Debug|x86.Build.0 = Debug|Win32
		{8A7D6284-A9C4-4375-8AD2-4DBB8E2C0E21}.Release|x64.ActiveCfg = Release|x64
		{8A7D6284-A9C4-4375-8AD2-4DBB8E2C0E21}.Release|x64.Build.0 = Release|x64
		{8A7D6284-A9C4-4375-8AD2-4DBB8E2C0E21}.Release|x86.ActiveCfg = Release|Win32
		{8A7D6284-A9C4-4375-8AD2-4DBB8E2C0E21}.Release|x86.Build.0 = Release|Win32
		{4A3F5371-0DD1-47C7-B88F-5F929C593183}.Debug|x64.ActiveCfg = Debug|x64
		{4A3F5371-0DD1-47C7-B88F-5F929C593183}.Debug|x64.Build.0 = Debug|x64
		{4A3F5371-0DD1-47C7-B88F-5F929C593183}.Debug|x86.ActiveCfg = Debug|Win32
		{4A3F5371-0DD1-47C7-B88F-5F929C593183}.Debug|x86.Build.0 = Debug|Win32
		{4A3F5371-0DD1-47C7-B88F-5F929C593183}.Release|x64.ActiveCfg = Release|x64
		{4A3F5371-0DD1-47C7-B88F-5F929C593183}.Release|x64.Build.0 = Release|x64
		{4A3F5371-0DD1-47C7-B88F-5F929C593183}.Release|x86.ActiveCfg = Release|Win32
		{4A3F5371-0DD1-47C7-B88F-5F929C593183}.Release|x86.Build.0 = Release|Win32
		{6BBC9246-ADC6-436F-9FF8-F7903A9BCC45}.Debug|x64.ActiveCfg = Debug|x64
		{6BBC9246-ADC6-436F-9FF8-F7903A9BCC45}.Debug|x64.Build.0 = Debug|x64
		{6BBC9246-ADC6-436F-9FF8-F7903A9BCC45}.Debug|x86.ActiveCfg = Debug|Win32
		{6BBC9246-ADC6-436F-9FF8-F7903A9BCC45}.Debug|x86.Build.0 = Debug|Win32
		{6BBC9246-ADC6-436F-9FF8-F7903A9BCC45}.Release|x64.ActiveCfg = Release|x64
		{6BBC9246-ADC6-436F-9FF8-F7903A9BCC45}.Release|x64.Build.0 = Release|x64
		{6BBC9246-ADC6-436F-9FF8-F7903A9BCC45}.Release|x86.ActiveCfg = Release|Win32
		{6BBC9246-ADC6-436F-9FF8-F7903A9BCC45}.Release|x86.Build.0 = Release|Win32
		{D3163A79-0911-4669-9782-DA566F4B2305}.Debug|x64.ActiveCfg = Debug|x64
		{D3163A79-0911-4669-9782-DA566F4B2305}.Debug|x64.Build.0 = Debug|x64
		{D3163A79-0911-4669-9782-DA566F4B2305}.Debug|x86.ActiveCfg = Debug|Win32
		{D3163A79-0911-4669-9782-DA566F4B2305}.Debug|x86.Build.0 = Debug|Win32
		{D3163A79-0911-4669-9782-DA566F4B2305}.Release|x64.ActiveCfg = Release|x64
		{D3163A79-0911-4669-9782-DA566F4B2305}.Release|x64.Build.0 = Release|x64
		{D3163A79-0911-4669-9782-DA566F4B2305}.Release|x86.ActiveCfg = Release|Win32
		{D3163A79-0911-4669-9782-DA566F4B2305}.Release|x86.Build.0 = Release|Win32
		{9111A82C-00E4-40F3-BB0C-07CDD7A632AD}.Debug|x64.ActiveCfg = Debug|x64
		{9111A82C-00E4-40F3-BB0C-07CDD7A632AD}.Debug|x64.Build.0 = Debug|x64
		{9111A82C-00E4-40F3-BB0C-07CDD7A632AD}.Debug|x86.ActiveCfg = Debug|Win32
		{9111A82C-00E4-40F3-BB0C-07CDD7A632AD}.Debug|x86.Build.0 = Debug|Win32
		{9111A82C-00E4-40F3-BB0C-07CDD7A632AD}.Release|x64.ActiveCfg = Release|x64
		{9111A82C-00E4-40F3-BB0C-07CDD7A632AD}.Release|x64.Build.0 = Release|x64
		{9111A82C-00E4-40F3-BB0C-07CDD7A632AD}.Release|x86.ActiveCfg = Release|Win32
		{9111A82C-00E4-40F3-BB0C-07CDD7A632AD}.Release|x86.Build.0 = Release|Win32
		{C0DCAFC0-3381-44B9-B064-E10964B50F9B}.Debug|x64.ActiveCfg = Debug|x64
		{C0DCAFC0-3381-44B9-B064-E10964B50F9B}.Debug|x64.Build.0 = Debug|x64
		{C0DCAFC0-3381-44B9-B064-E10964B50F9B}.Debug|x86.ActiveCfg = Debug|Win32
		{C0DCAFC0-3381-44B9-B064-E10964B50F9B}.Debug|x86.Build.0 = Debug|Win32
		{C0DCAFC0-3381-44B9-B064-E10964B50F9B}.Release|x64.ActiveCfg = Release|x64
		{C0DCAFC0-3381-44B9-B064-E10964B50F9B}.Release|x64.Build.0 = Release|x64
		{C0DCAFC0-3381-44B9-B064-E10964B50F9B}.Release|x86.ActiveCfg = Release|Win32
		{C0DCAFC0-3381-44B9-B064-E10964B50F9B}.Release|x86.Build.0 = Release|Win32
		{67DE8306-D3C1-4B47-926E-ABE53ECDDB02}.Debug|x64.ActiveCfg = Debug|x64
		{67DE8306-D3C1-4B47-926E-ABE53ECDDB02}.Debug|x64.Build.0 = Debug|x64
		{67DE8306-D3C1-4B47-926E-ABE53ECDDB02}.Debug|x86.ActiveCfg = Debug|Win32
		{67DE8306-D3C1-4B47-926E-ABE53ECDDB02}.Debug|x86.Build.0 = Debug|Win32
		{67DE8306-D3C1-4B47-926E-ABE53ECDDB02}.Release|x64.ActiveCfg = Release|x64
		{67DE8306-D3C1-4B47-926E-ABE53ECDDB02}.Release|x64.Build.0 = Release|x64
		{67DE8306-D3C1-4B47-926E-ABE53ECDDB02}.Release|x86.ActiveCfg = Release|Win32
		{67DE8306-D3C1-4B47-926E-ABE53ECDDB02}.Release|x86.Build.0 = Release|Win32
		{29CF6106-449B-4CAD-A40F-B35EA655EDE8}.Debug|x64.ActiveCfg = Debug|x64
		{29CF6106-449B-4CAD-A40F-B35EA655EDE8}.Debug|x64.Build.0 = Debug|x64
		{29CF6106-449B-4CAD-A40F-B35EA655EDE8}.Debug|x86.ActiveCfg = Debug|Win32
		{29CF6106-449B-4CAD-A40F-B35EA655EDE8}.Debug|x86.Build.0 = Debug|Win32
		{29CF6106-449B-4CAD-A40F-B35EA655EDE8}.Release|x64.ActiveCfg = Release|x64
		{29CF6106-449B-4CAD-A40F-B35EA655EDE8}.Release|x64.Build.0 = Release|x64
		{29CF6106-449B-4CAD-A40F-B35EA655EDE8}.Release|x86.ActiveCfg = Release|Win32
		{29CF6106-449B-4CAD-A40F-B35EA655EDE8}.Release|x86.Build.0 = Release|Win32
		{3B35157E-D187-4334-A732-268FF9F5523D}.Debug|x64.ActiveCfg = Debug|x64
		{3B35157E-D187-4334-A732-268FF9F5523D}.Debug|x64.Build.0 = Debug|x64
		{3B35157E-D187-4334-A732-268FF9F5523D}.Debug|x86.ActiveCfg = Debug|Win32
		{3B35157E-D187-4334-A732-268FF9F5523D}.Debug|x86.Build.0 = Debug|Win32
		{3B35157E-D187-4334-A732-268FF9F5523D}.Release|x64.ActiveCfg = Release|x64
		{3B35157E-D187-4334-A732-268FF9F5523D}.Release|x64.Build.0 = Release|x64
		{3B35157E-D187-4334-A732-268FF9F5523D}.Release|x86.ActiveCfg = Release|Win32
		{3B35157E-D187-4334-A732-268FF9F5523D}.Release|x86.Build.0 = Release|Win32
		{D43CD20A-E4CA-4831-9F69-66F96713F76E}.Debug|x64.ActiveCfg = Debug|x64
		{D43CD20A-E4CA-4831-9F69-66F96713F76E}.Debug|x64.Build.0 = Debug|x64
		{D43CD20A-E4CA-4831-9F69-66F96713F76E}.Debug|x86.ActiveCfg = Debug|Win32
		{D43CD20A-E4CA-4831-9F69-66F96713F76E}.Debug|x86.Build.0 = Debug|Win32
		{D43CD20A-E4CA-4831-9F69-66F96713F76E}.Release|x64.ActiveCfg = Release|x64
		{D43CD20A-E4CA-4831-9F69-66F96713F76E}.Release|x64.Build.0 = Release|x64
		{D43CD20A-E4CA-4831-9F69-66F96713F76E}.Release|x86.ActiveCfg = Release|Win32
		{D43CD20A-E4CA-4831-9F69-66F96713F76E}.Release|x86.Build.0 = Release|Win32
		{45611C0A-EC69-446A-9025-F8183EB058A3}.Debug|x64.ActiveCfg = Debug|x64
		{45611C0A-EC69-446A-9025-F8183EB058A3}.Debug|x64.Build.0 = Debug|x64
		{45611C0A-EC69-446A-9025-F8183EB058A3}.Debug|x86.ActiveCfg = Debug|Win32
		{45611C0A-EC69-446A-9025-F8183EB058A3}.Debug|x86.Build.0 = Debug|Win32
		{45611C0A-EC69-446A-9025-F8183EB058A3}.Release|x64.ActiveCfg = Release|x64
		{45611C0A-EC69-446A-9025-F8183EB058A3}.Release|x64.Build.0 = Release|x64
		{45611C0A-EC69-446A-9025-F8183EB058A3}.Release|x86.ActiveCfg = Release|Win32
		{45611C0A-EC69-446A-9025-F8183EB058A3}.Release|x86.Build.0 = Release|Win32
		{F12C6F5D-8757-4B62-A35B-F9064B661AD6}.Debug|x64.ActiveCfg = Debug|x64
		{F12C6F5D-8757-4B62-A35B-F9064B661AD6}.Debug|x64.Build.0 = Debug|x64
		{F12C6F5D-8757-4B62-A35B-F9064B661AD6}.Debug|x86.ActiveCfg = Debug|Win32
		{F12C6F5D-8757-4B62-A35B-F9064B661AD6}.Debug|x86.Build.0 = Debug|Win32
		{F12C6F5D-8757-4B62-A35B-F9064B661AD6}.Release|x64.ActiveCfg = Release|x64
		{F12C6F5D-8757-4B62-A35B-F9064B661AD6}.Release|x64.Build.0 = Release|x64
		{F12C6F5D-8757-4B62-A35B-F9064B661AD6}.Release|x86.ActiveCfg = Release|Win32
		{F12C6F5D-8757-4B62-A35B-F9064B661AD6}.Release|x86.Build.0 = Release|Win32
		{D8370730-26A9-475D-9C9A-5ACB690A6342}.Debug|x64.ActiveCfg = Debug|x64
		{D8370730-26A9-475D-9C9A-5ACB690A6342}.Debug|x64.Build.0 = Debug|x64
		{D8370730-26A9-475D-9C9A-5ACB690A6342}.Debug|x86.ActiveCfg = Debug|Win32
		{D8370730-26A9-475D-9C9A-5ACB690A6342}.Debug|x86.Build.0 = Debug|Win32
		{D8370730-26A9-475D-9C9A-5ACB690A6342}.Release|x64.ActiveCfg = Release|x64
		{D8370730-26A9-475D-9C9A-5ACB690A6342}.Release|x64.Build.0 = Release|x64
		{D8370730-26A9-475D-9C9A-5ACB690A6342}.Release|x86.ActiveCfg = Release|Win32
		{D8370730-26A9-475D-9C9A-5ACB690A6342}.Release|x86.Build.0 = Release|Win32
		{44291C25-FAEE-40AB-80B0-3AB0CAA94B74}.Debug|x64.ActiveCfg = Debug|x64
		{44291C25-FAEE-40AB-80B0-3AB0CAA94B74}.Debug|x64.Build.0 = Debug|x64
		{44291C25-FAEE-40AB-80B0-3AB0CAA94B74}.Debug|x86.ActiveCfg = Debug|Win32
		{44291C25-FAEE-40AB-80B0-3AB0CAA94B74}.Debug|x86.Build.0 = Debug|Win32
		{44291C25-FAEE-40AB-80B0-3AB0CAA94B74}.Release|x64.ActiveCfg = Release|x64
		{44291C25-FAEE-40AB-80B0-3AB0CAA94B74}.Release|x64.Build.0 = Release|x64
		{44291C25-FAEE-40AB-80B0-3AB0CAA94B74}.Release|x86.ActiveCfg = Release|Win32
		{44291C25-FAEE-40AB-80B0-3AB0CAA94B74}.Release|x86.Build.0 = Release|Win32
		{29ED0CEE-EB3E-463E-B2E9-91FF2770D541}.Debug|x64.ActiveCfg = Debug|x64
		{29ED0CEE-EB3E-463E-B2E9-91FF2770D541}.Debug|x64.Build.0 = Debug|x64
		{29ED0CEE-EB3E-463E-B2E9-91FF2770D541}.Debug|x86.ActiveCfg = Debug|Win32
		{29ED0CEE-EB3E-463E-B2E9-91FF2770D541}.Debug|x86.Build.0 = Debug|Win32
		{29ED0CEE-EB3E-463E-B2E9-91FF2770D541}.Release|x64.ActiveCfg = Release|x64
		{29ED0CEE-EB3E-463E-B2E9-91FF2770D541}.Release|x64.Build.0 = Release|x64
		{29ED0CEE-EB3E-463E-B2E9-91FF2770D541}.Release|x86.ActiveCfg = Release|Win32
		{29ED0CEE-EB3E-463E-B2E9-91FF2770D541}.Release|x86.Build.0 = Release|Win32
		{FCAE218C-6A4F-4465-9F31-07F5E9DDF976}.Debug|x64.ActiveCfg = Debug|x64
		{FCAE218C-6A4F-4465-9F31-07F5E9DDF976}.Debug|x64.Build.0 = Debug|x64
		{FCAE218C-6A4F-4465-9F31-07F5E9DDF976}.Debug|x86.ActiveCfg = Debug|Win32
		{FCAE218C-6A4F-4465-9F31-07F5E9DDF976}.Debug|x86.Build.0 = Debug|Win32
		{FCAE218C-6A4F-4465-9F31-07F5E9DDF976}.Release|x64.ActiveCfg = Release|x64
		{FCAE218C-6A4F-4465-9F31-07F5E9DDF976}.Release|x64.Build.0 = Release|x64
		{FCAE218C-6A4F-4465-9F31-07F5E9DDF976}.Release|x86.ActiveCfg = Release|Win32
		{FCAE218C-6A4F-4465-9F31-07F5E9DDF976}.Release|x86.Build.0 = Release|Win32
		{40C9FF19-E24C-4AE3-A296-F85F483FF451}.Debug|x64.ActiveCfg = Debug|x64
		{40C9FF19-E24C-4AE3-A296-F85F483FF451}.Debug|x64.Build.0 = Debug|x64
		{40C9FF19-E24C-4AE3-A296-F85F483FF451}.Debug|x86.ActiveCfg = Debug|Win32
		{40C9FF19-E24C-4AE3-A296-F85F483FF451}.Debug|x86.Build.0 = Debug|Win32
		{40C9FF19-E24C-4AE3-A296-F85F483FF451}.Release|x64.ActiveCfg = Release|x64
		{40C9FF19-E24C-4AE3-A296-F85F483FF451}.Release|x64.Build.0 = Release|x64
		{40C9FF19-E24C-4AE3-A296-F85F483FF451}.Release|x86.ActiveCfg = Release|Win32
		{40C9FF19-E24C-4AE3-A296-F85F483FF451}.Release|x86.Build.0 = Release|Win32
		{81E6D2FA-712D-4797-A3CE-4F15A6973E9B}.Debug|x64.ActiveCfg = Debug|x64
		{81E6D2FA-712D-4797-A3CE-4F15A6973E9B}.Debug|x64.Build.0 = Debug|x64
		{81E6D2FA-712D-4797-A3CE-4F15A6973E9B}.Debug|x86.ActiveCfg = Debug|Win32
		{81E6D2FA-712D-4797-A3CE-4F15A6973E9B}.Debug|x86.Build.0 = Debug|Win32
		{81E6D2FA-712D-4797-A3CE-4F15A6973E9B}.Release|x64.ActiveCfg = Release|x64
		{81E6D2FA-712D-4797-A3CE-4F15A6973E9B}.Release|x64.Build.0 = Release|x64
		{81E6D2FA-712D-4797-A3CE-4F15A6973E9B}.Release|x86.ActiveCfg = Release|Win32
		{81E6D2FA-712D-4797-A3CE-4F15A6973E9B}.Release|x86.Build.0 = Release|Win32
		{D1A238D9-6299-446B-9418-B58AE0FDF252}.Debug|x64.ActiveCfg = Debug|x64
		{D1A238D9-6299-446B-9418-B58AE0FDF252}.Debug|x64.Build.0 = Debug|x64
		{D1A238D9-6299-446B-9418-B58AE0FDF252}.Debug|x86.ActiveCfg = Debug|Win32
		{D1A238D9-6299-446B-9418-B58AE0FDF252}.Debug|x86.Build.0 = Debug|Win32
		{D1A238D9-6299-446B-9418-B58AE0FDF252}.Release|x64.ActiveCfg = Release|x64
		{D1A238D9-6299-446B-9418-B58AE0FDF252}.Release|x64.Build.0 = Release|x64
		{D1A238D9-6299-446B-9418-B58AE0FDF252}.Release|x86.ActiveCfg = Release|Win32
		{D1A238D9-6299-446B-9418-B58AE0FDF252}.Release|x86.Build.0 = Release|Win32
		{A3882D44-5CDD-4005-90CD-1D3F15D8DFDB}.Debug|x64.ActiveCfg = Debug|x64
		{A3882D44-5CDD-4005-90CD-1D3F15D8DFDB}.Debug|x64.Build.0 = Debug|x64
		{A3882D44-5CDD-4005-90CD-1D3F15D8DFDB}.Debug|x86.ActiveCfg = Debug|Win32
		{A3882D44-5CDD-4005-90CD-1D3F15D8DFDB}.Debug|x86.Build.0 = Debug|Win32
		{A3882D44-5CDD-4005-90CD-1D3F15D8DFDB}.Release|x64.ActiveCfg = Release|x64
		{A3882D44-5CDD-4005-90CD-1D3F15D8DFDB}.Release|x64.Build.0 = Release|x64
		{A3882D44-5CDD-4005-90CD-1D3F15D8DFDB}.Release|x86.ActiveCfg = Release|Win32
		{A3882D44-5CDD-4005-90CD-1D3F15D8DFDB}.Release|x86.Build.0 = Release|Win32
		{BF3621D7-FE77-4199-A9A9-79427A954487}.Debug|x64.ActiveCfg = Debug|x64
		{BF3621D7-FE77-4199-A9A9-79427A954487}.Debug|x64.Build.0 = Debug|x64
		{BF3621D7-FE77-4199-A9A9-79427A954487}.Debug|x86.ActiveCfg = Debug|Win32
		{BF3621D7-FE77-4199-A9A9-79427A954487}.Debug|x86.Build.0 = Debug|Win32
		{BF3621D7-FE77-4199-A9A9-79427A954487}.Release|x64.ActiveCfg = Release|x64
		{BF3621D7-FE77-4199-A9A9-79427A954487}.Release|x64.Build.0 = Release|x64
		{BF3621D7-FE77-4199-A9A9-79427A954487}.Release|x86.ActiveCfg = Release|Win32
		{BF3621D7-FE77-4199-A9A9-79427A954487}.Release|x86.Build.0 = Release|Win32
		{DB84924C-C1BF-4A87-B810-E81FF57B6145}.Debug|x64.ActiveCfg = Debug|x64
		{DB84924C-C1BF-4A87-B810-E81FF57B6145}.Debug|x64.Build.0 = Debug|x64
		{DB84924C-C1BF-4A87-B810-E81FF57B6145}.Debug|x86.ActiveCfg = Debug|Win32
		{DB84924C-C1BF-4A87-B810-E81FF57B6145}.Debug|x86.Build.0 = Debug|Win32
		{DB84924C-C1BF-4A87-B810-E81FF57B6145}.Release|x64.ActiveCfg = Release|x64
		{DB84924C-C1BF-4A87-B810-E81FF57B6145}.Release|x64.Build.0 = Release|x64
		{DB84924C-C1BF-4A87-B810-E81FF57B6145}.Release|x86.ActiveCfg = Release|Win32
		{DB84924C-C1BF-4A87-B810-E81FF57B6145}.Release|x86.Build.0 = Release|Win32
		{A4789FDC-BCC0-47E7-AAE7-4702EA6D5EE9}.Debug|x64.ActiveCfg = Debug|x64
		{A4789FDC-BCC0-47E7-AAE7-4702EA6D5EE9}.Debug|x64.Build.0 = Debug|x64
		{A4789FDC-BCC0-47E7-AAE7-4702EA6D5EE9}.Debug|x86.ActiveCfg = Debug|Win32
		{A4789FDC-BCC0-47E7-AAE7-4702EA6D5EE9}.Debug|x86.Build.0 = Debug|Win32
		{A4789FDC-BCC0-47E7-AAE7-4702EA6D5EE9}.Release|x64.ActiveCfg = Release|x64
		{A4789FDC-BCC0-47E7-AAE7-4702EA6D5EE9}.Release|x64.Build.0 = Release|x64
		{A4789FDC-BCC0-47E7-AAE7-4702EA6D5EE9}.Release|x86.ActiveCfg = Release|Win32
		{A4789FDC-BCC0-47E7-AAE7-4702EA6D5EE9}.Release|x86.Build.0 = Release|Win32
		{5D6B2C6E-8100-4D52-B57D-A464C88C85EA}.Debug|x64.ActiveCfg = Debug|x64
		{5D6B2C6E-8100-4D52-B57D-A464C88C85EA}.Debug|x64.Build.0 = Debug|x64
		{5D6B2C6E-8100-4D52-B57D-A464C88C85EA}.Debug|x86.ActiveCfg = Debug|Win32
		{5D6B2C6E-8100-4D52-B57D-A464C88C85EA}.Debug|x86.Build.0 = Debug|Win32
		{5D6B2C6E-8100-4D52-B57D-A464C88C85EA}.Release|x64.ActiveCfg = Release|x64
		{5D6B2C6E-8100-4D52-B57D-A464C88C85EA}.Release|x64.Build.0 = Release|x64
		{5D6B2C6E-8100-4D52-B57D-A464C88C85EA}.Release|x86.ActiveCfg = Release|Win32
		{5D6B2C6E-8100-4D52-B57D-A464C88C85EA}.Release|x86.Build.0 = Release|Win32
		{CB326903-3FA4-458D-81E6-5D831DD733D8}.Debug|x64.ActiveCfg = Debug|x64
		{CB326903-3FA4-458D-81E6-5D831DD733D8}.Debug|x64.Build.0 = Debug|x64
		{CB326903-3FA4-458D-81E6-5D831DD733D8}.Debug|x86.ActiveCfg = Debug|Win32
		{CB326903-3FA4-458D-81E6-5D831DD733D8}.Debug|x86.Build.0 = Debug|Win32
		{CB326903-3FA4-458D-81E6-5D831DD733D8}.Release|x64.ActiveCfg = Release|x64
		{CB326903-3FA4-458D-81E6-5D831DD733D8}.Release|x64.Build.0 = Release|x64
		{CB326903-3FA4-458D-81E6-5D831DD733D8}.Release|x86.ActiveCfg = Release|Win32
		{CB326903-3FA4-458D-81E6-5D831DD733D8}.Release|x86.Build.0 = Release|Win32
		{D17468D0-7DD6-4511-8FD2-5BD00AD60F5E}.Debug|x64.ActiveCfg = Debug|x64
		{D17468D0-7DD6-4511-8FD2-5BD00AD60F5E}.Debug|x64.Build.0 = Debug|x64
		{D17468D0-7DD6-4511-8FD2-5BD00AD60F5E}.Debug|x86.ActiveCfg = Debug|Win32
		{D17468D0-7DD6-4511-8FD2-5BD00AD60F5E}.Debug|x86.Build.0 = Debug|Win32
		{D17468D0-7DD6-4511-8FD2-5BD00AD60F5E}.Release|x64.ActiveCfg = Release|x64
		{D17468D0-7DD6-4511-8FD2-5BD00AD60F5E}.Release|x64.Build.0 = Release|x64
		{D17468D0-7DD6-4511-8FD2-5BD00AD60F5E}.Release|x86.ActiveCfg = Release|Win32
		{D17468D0-7DD6-4511-8FD2-5BD00AD60F5E}.Release|x86.Build.0 = Release|Win32
		{307107D0-1CB9-4340-BC52-4C59AA16CC01}.Debug|x64.ActiveCfg = Debug|x64
		{307107D0-1CB9-4340-BC52-4C59AA16CC01}.Debug|x64.Build.0 = Debug|x64
		{307107D0-1CB9-4340-BC52-4C59AA16CC01}.Debug|x86.ActiveCfg = Debug|Win32
		{307107D0-1CB9-4340-BC52-4C59AA16CC01}.Debug|x86.Build.0 = Debug|Win32
		{307107D0-1CB9-4340-BC52-4C59AA16CC01}.Release|x64.ActiveCfg = Release|x64
		{307107D0-1CB9-4340-BC52-4C59AA16CC01}.Release|x64.Build.0 = Release|x64
		{307107D0-1CB9-4340-BC52-4C59AA16CC01}.Release|x86.ActiveCfg = Release|Win32
		{307107D0-1CB9-4340-BC52-4C59AA16CC01}.Release|x86.Build.0 = Release|Win32
		{8173A2E4-0360-4C4E-B3DA-B65C17038396}.Debug|x64.ActiveCfg = Debug|x64
		{8173A2E4-0360-4C4E-B3DA-B65C17038396}.Debug|x64.Build.0 = Debug|x64
		{8173A2E4-0360-4C4E-B3DA-B65C17038396}.Debug|x86.ActiveCfg = Debug|Win32
		{8173A2E4-0360-4C4E-B3DA-B65C17038396}.Debug|x86.Build.0 = Debug|Win32
		{8173A2E4-0360-4C4E-B3DA-B65C17038396}.Release|x64.ActiveCfg = Release|x64
		{8173A2E4-0360-4C4E-B3DA-B65C17038396}.Release|x64.Build.0 = Release|x64
		{8173A2E4-0360-4C4E-B3DA-B65C17038396}.Release|x86.ActiveCfg = Release|Win32
		{8173A2E4-0360-4C4E-B3DA-B65C17038396}.Release|x86.Build.0 = Release|Win32
		{44F3B01A-9728-45C0-9A63-62CD7F62F8F6}.Debug|x64.ActiveCfg = Debug|x64
		{44F3B01A-9728-45C0-9A63-62CD7F62F8F6}.Debug|x64.Build.0 = Debug|x64
		{44F3B01A-9728-45C0-9A63-62CD7F62F8F6}.Debug|x86.ActiveCfg = Debug|Win32
		{44F3B01A-9728-45C0-9A63-62CD7F62F8F6}.Debug|x86.Build.0 = Debug|Win32
		{44F3B01A-9728-45C0-9A63-62CD7F62F8F6}.Release|x64.ActiveCfg = Release|x64
		{44F3B01A-9728-45C0-9A63-62CD7F62F8F6}.Release|x64.Build.0 = Release|x64
		{44F3B01A-9728-45C0-9A63-62CD7F62F8F6}.Release|x86.ActiveCfg = Release|Win32
		{44F3B01A-9728-45C0-9A63-62CD7F62F8F6}.Release|x86.Build.0 = Release|Win32
		{9FA96886-6CB2-403A-B984-1D3C5C1D6D18}.Debug|x64.ActiveCfg = Debug|x64
		{9FA96886-6CB2-403A-B984-1D3C5C1D6D18}.Debug|x64.Build.0 = Debug|x64
		{9FA96886-6CB2-403A-B984-1D3C5C1D6D18}.Debug|x86.ActiveCfg = Debug|Win32
		{9FA96886-6CB2-403A-B984-1D3C5C1D6D18}.Debug|x86.Build.0 = Debug|Win32
		{9FA96886-6CB2-403A-B984-1D3C5C1D6D18}.Release|x64.ActiveCfg = Release|x64
		{9FA96886-6CB2-403A-B984-1D3C5C1D6D18}.Release|x64.Build.0 = Release|x64
		{9FA96886-6CB2-403A-B984-1D3C5C1D6D18}.Release|x86.ActiveCfg = Release|Win32
		{9FA96886-6CB2-403A-B984-1D3C5C1D6D18}.Release|x86.Build.0 = Release|Win32
		{8C2E6A8C-4B7D-47D5-A015-454FBB731D1E}.Debug|x64.ActiveCfg = Debug|x64
		{8C2E6A8C-4B7D-47D5-A015-454FBB731D1E}.Debug|x64.Build.0 = Debug|x64
		{8C2E6A8C-4B7D-47D5-A015-454FBB731D1E}.Debug|x86.ActiveCfg = Debug|Win32
		{8C2E6A8C-4B7D-47D5-A015-454FBB731D1E}.Debug|x86.Build.0 = Debug|Win32
		{8C2E6A8C-4B7D-47D5-A015-454FBB731D1E}.Release|x64.ActiveCfg = Release|x64
		{8C2E6A8C-4B7D-47D5-A015-454FBB731D1E}.Release|x64.Build.0 = Release|x64
		{8C2E6A8C-4B7D-47D5-A015-454FBB731D1E}.Release|x86.ActiveCfg = Release|Win32
		{8C2E6A8C-4B7D-47D5-A015-454FBB731D1E}.Release|x86.Build.0 = Release|Win32
		{20DDCD04-6B54-4575-B252-69C13185DADE}.Debug|x64.ActiveCfg = Debug|x64
		{20DDCD04-6B54-4575-B252-69C13185DADE}.Debug|x64.Build.0 = Debug|x64
		{20DDCD04-6B54-4575-B252-69C13185DADE}.Debug|x86.ActiveCfg = Debug|Win32
		{20DDCD04-6B54-4575-B252-69C13185DADE}.Debug|x86.Build.0 = Debug|Win32
		{20DDCD04-6B54-4575-B252-69C13185DADE}.Release|x64.ActiveCfg = Release|x64
		{20DDCD04-6B54-4575-B252-69C13185DADE}.Release|x64.Build.0 = Release|x64
		{20DDCD04-6B54-4575-B252-69C13185DADE}.Release|x86.ActiveCfg = Release|Win32
		{20DDCD04-6B54-4575-B252-69C13185DADE}.Release|x86.Build.0 = Release|Win32
		{466DD643-83D8-4FB6-93FC-D4377E5FF9B1}.Debug|x64.ActiveCfg = Debug|x64
		{466DD643-83D8-4FB6-93FC-D4377E5FF9B1}.Debug|x64.Build.0 = Debug|x64
		{466DD643-83D8-4FB6-93FC-D4377E5FF9B1}.Debug|x86.ActiveCfg = Debug|Win32
		{466DD643-83D8-4FB6-93FC-D4377E5FF9B1}.Debug|x86.Build.0 = Debug|Win32
		{466DD643-83D8-4FB6-93FC-D4377E5FF9B1}.Release|x64.ActiveCfg = Release|x64
		{466DD643-83D8-4FB6-93FC-D4377E5FF9B1}.Release|x64.Build.0 = Release|x64
		{466DD643-83D8-4FB6-93FC-D4377E5FF9B1}.Release|x86.ActiveCfg = Release|Win32
		{466DD643-83D8-4FB6-93FC-D4377E5FF9B1}.Release|x86.Build.0 = Release|Win32
		{234CE422-3A86-475D-8D6C-B0968F7F091C}.Debug|x64.ActiveCfg = Debug|x64
		{234CE422-3A86-475D-8D6C-B0968F7F091C}.Debug|x64.Build.0 = Debug|x64
		{234CE422-3A86-475D-8D6C-B0968F7F091C}.Debug|x86.ActiveCfg = Debug|Win32
		{234CE422-3A86-475D-8D6C-B0968F7F091C}.Debug|x86.Build.0 = Debug|Win32
		{234CE422-3A86-475D-8D6C-B0968F7F091C}.Release|x64.ActiveCfg = Release|x64
		{234CE422-3A86-475D-8D6C-B0968F7F091C}.Release|x64.Build.0 = Release|x64
		{234CE422-3A86-475D-8D6C-B0968F7F091C}.Release|x86.ActiveCfg = Release|Win32
		{234CE422-3A86-475D-8D6C-B0968F7F091C}.Release|x86.Build.0 = Release|Win32
		{D79C545A-CDB6-4496-A228-F4F7D71F9522}.Debug|x64.ActiveCfg = Debug|x64
		{D79C545A-CDB6-4496-A228-F4F7D71F9522}.Debug|x64.Build.0 = Debug|x64
		{D79C545A-CDB6-4496-A228-F4F7D71F9522}.Debug|x86.ActiveCfg = Debug|Win32
		{D79C545A-CDB6-4496-A228-F4F7D71F9522}.Debug|x86.Build.0 = Debug|Win32
		{D79C545A-CDB6-4496-A228-F4F7D71F9522}.Release|x64.ActiveCfg = Release|x64
		{D79C545A-CDB6-4496-A228-F4F7D71F9522}.Release|x64.Build.0 = Release|x64
		{D79C545A-CDB6-4496-A228-F4F7D71F9522}.Release|x86.ActiveCfg = Release|Win32
		{D79C545A-CDB6-4496-A228-F4F7D71F9522}.Release|x86.Build.0 = Release|Win32
		{A482EE1B-DE37-463E-937B-174E597EA453}.Debug|x64.ActiveCfg = Debug|x64
		{A482EE1B-DE37-463E-937B-174E597EA453}.Debug|x64.Build.0 = Debug|x64
		{A482EE1B-DE37-463E-937B-174E597EA453}.Debug|x86.ActiveCfg = Debug|Win32
		{A482EE1B-DE37-463E-937B-174E597EA453}.Debug|x86.Build.0 = Debug|Win32
		{A482EE1B-DE37-463E-937B-174E597EA453}.Release|x64.ActiveCfg = Release|x64
		{A482EE1B-DE37-463E-937B-174E597EA453}.Release|x64.Build.0 = Release|x64
		{A482EE1B-DE37-463E-937B-174E597EA453}.Release|x86.ActiveCfg = Release|Win32
		{A482EE1B-DE37-463E-937B-174E597EA453}.Release|x86.Build.0 = Release|Win32
		{8489E5B8-01DF-4AE7-BF89-0BBECA25805D}.Debug|x64.ActiveCfg = Debug|x64
		{8489E5B8-01DF-4AE7-BF89-0BBECA25805D}.Debug|x64.Build.0 = Debug|x64
		{8489E5B8-01DF-4AE7-BF89-0BBECA25805D}.Debug|x86.ActiveCfg = Debug|Win32
		{8489E5B8-01DF-4AE7-BF89-0BBECA25805D}.Debug|x86.Build.0 = Debug|Win32
		{8489E5B8-01DF-4AE7-BF89-0BBECA25805D}.Release|x64.ActiveCfg = Release|x64
		{8489E5B8-01DF-4AE7-BF89-0BBECA25805D}.Release|x64.Build.0 = Release|x64
		{8489E5B8-01DF-4AE7-BF89-0BBECA25805D}.Release|x86.ActiveCfg = Release|Win32
		{8489E5B8-01DF-4AE7-BF89-0BBECA25805D}.Release|x86.Build.0 = Release|Win32
		{238D1D35-3C99-4984-AF98-EDAC4E108526}.Debug|x64.ActiveCfg = Debug|x64
		{238D1D35-3C99-4984-AF98-EDAC4E108526}.Debug|x64.Build.0 = Debug|x64
		{238D1D35-3C99-4984-AF98-EDAC4E108526}.Debug|x86.ActiveCfg = Debug|Win32
		{238D1D35-3C99-4984-AF98-EDAC4E108526}.Debug|x86.Build.0 = Debug|Win32
		{238D1D35-3C99-4984-AF98-EDAC4E108526}.Release|x64.ActiveCfg = Release|x64
		{238D1D35-3C99-4984-AF98-EDAC4E108526}.Release|x64.Build.0 = Release|x64
		{238D1D35-3C99-4984-AF98-EDAC4E108526}.Release|x86.ActiveCfg = Release|Win32
		{238D1D35-3C99-4984-AF98-EDAC4E108526}.Release|x86.Build.0 = Release|Win32
		{AFE72DE8-526C-4CDC-80D5-540E8C387BBF}.Debug|x64.ActiveCfg = Debug|x64
		{AFE72DE8-526C-4CDC-80D5-540E8C387BBF}.Debug|x64.Build.0 = Debug|x64
		{AFE72DE8-526C-4CDC-80D5-540E8C387BBF}.Debug|x86.ActiveCfg = Debug|Win32
		{AFE72DE8-526C-4CDC-80D5-540E8C387BBF}.Debug|x86.Build.0 = Debug|Win32
		{AFE72DE8-526C-4CDC-80D5-540E8C387BBF}.Release|x64.ActiveCfg = Release|x64
		{AFE72DE8-526C-4CDC-80D5-540E8C387BBF}.Release|x64.Build.0 = Release|x64
		{AFE72DE8-526C-4CDC-80D5-540E8C387BBF}.Release|x86.ActiveCfg = Release|Win32
		{AFE72DE8-526C-4CDC-80D5-540E8C387BBF}.Release|x86.Build.0 = Release|Win32
		{4BE0FECB-2023-4A0F-BDFB-F313DFC71FE2}.Debug|x64.ActiveCfg = Debug|x64
		{4BE0FECB-2023-4A0F-BDFB-F313DFC71FE2}.Debug|x64.Build.0 = Debug|x64
		{4BE0FECB-2023-4A0F-BDFB-F313DFC71FE2}.Debug|x86.ActiveCfg = Debug|Win32
		{4BE0FECB-2023-4A0F-BDFB-F313DFC71FE2}.Debug|x86.Build.0 = Debug|Win32
		{4BE0FECB-2023-4A0F-BDFB-F313DFC71FE2}.Release|x64.ActiveCfg = Release|x64
		{4BE0FECB-2023-4A0F-BDFB-F313DFC71FE2}.Release|x64.Build.0 = Release|x64
		{4BE0FECB-2023-4A0F-BDFB-F313DFC71FE2}.Release|x86.ActiveCfg = Release|Win32
		{4BE0FECB-2023-4A0F-BDFB-F313DFC71FE2}.Release|x86.Build.0 = Release|Win32
		{645657A2-95D7-4DA5-A64D-AA41DA937DA1}.Debug|x64.ActiveCfg = Debug|x64
		{645657A2-95D7-4DA5-A64D-AA41DA937DA1}.Debug|x64.Build.0 = Debug|x64
		{645657A2-95D7-4DA5-A64D-AA41DA937DA1}.Debug|x86.ActiveCfg = Debug|Win32
		{645657A2-95D7-4DA5-A64D-AA41DA937DA1}.Debug|x86.Build.0 = Debug|Win32
		{645657A2-95D7-4DA5-A64D-AA41DA937DA1}.Release|x64.ActiveCfg = Release|x64
		{645657A2-95D7-4DA5-A64D-AA41DA937DA1}.Release|x64.Build.0 = Release|x64
		{645657A2-95D7-4DA5-A64D-AA41DA937DA1}.Release|x86.ActiveCfg = Release|Win32
		{645657A2-95D7-4DA5-A64D-AA41DA937DA1}.Release|x86.Build.0 = Release|Win32
		{D209F579-F74B-4966-AD87-6B05CAB854A2}.Debug|x64.ActiveCfg = Debug|x64
		{D209F579-F74B-4966-AD87-6B05CAB854A2}.Debug|x64.Build.0 = Debug|x64
		{D209F579-F74B-4966-AD87-6B05CAB854A2}.Debug|x86.ActiveCfg = Debug|Win32
		{D209F579-F74B-4966-AD87-6B05CAB854A2}.Debug|x86.Build.0 = Debug|Win32
		{D209F579-F74B-4966-AD87-6B05CAB854A2}.Release|x64.ActiveCfg = Release|x64
		{D209F579-F74B-4966-AD87-6B05CAB854A2}.Release|x64.Build.0 = Release|x64
		{D209F579-F74B-4966-AD87-6B05CAB854A2}.Release|x86.ActiveCfg = Release|Win32
		{D209F579-F74B-4966-AD87-6B05CAB854A2}.Release|x86.Build.0 = Release|Win32
		{B187B8EE-9E67-4CC4-BE63-61BFFE8D0049}.Debug|x64.ActiveCfg = Debug|x64
		{B187B8EE-9E67-4CC4-BE63-61BFFE8D0049}.Debug|x64.Build.0 = Debug|x64
		{B187B8EE-9E67-4CC4-BE63-61BFFE8D0049}.Debug|x86.ActiveCfg = Debug|Win32
		{B187B8EE-9E67-4CC4-BE63-61BFFE8D0049}.Debug|x86.Build.0 = Debug|Win32
		{B187B8EE-9E67-4CC4-BE63-61BFFE8D0049}.Release|x64.ActiveCfg = Release|x64
		{B187B8EE-9E67-4CC4-BE63-61BFFE8D0049}.Release|x64.Build.0 = Release|x64
		{B187B8EE-9E67-4CC4-BE63-61BFFE8D0049}.Release|x86.ActiveCfg = Release|Win32
		{B187B8EE-9E67-4CC4-BE63-61BFFE8D0049}.Release|x86.Build.0 = Release|Win32
		{818F58C5-BF89-4E1F-9677-42B12561EB0D}.Debug|x64.ActiveCfg = Debug|x64
		{818F58C5-BF89-4E1F-9677-42B12561EB0D}.Debug|x64.Build.0 = Debug|x64
		{818F58C5-BF89-4E1F-9677-42B12561EB0D}.Debug|x86.ActiveCfg = Debug|Win32
		{818F58C5-BF89-4E1F-9677-42B12561EB0D}.Debug|x86.Build.0 = Debug|Win32
		{818F58C5-BF89-4E1F-9677-42B12561EB0D}.Release|x64.ActiveCfg = Release|x64
		{818F58C5-BF89-4E1F-9677-42B12561EB0D}.Release|x64.Build.0 = Release|x64
		{818F58C5-BF89-4E1F-9677-42B12561EB0D}.Release|x86.ActiveCfg = Release|Win32
		{818F58C5-BF89-4E1F-9677-42B12561EB0D}.Release|x86.Build.0 = Release|Win32
		{EA6D0972-A6C9-491E-8E13-B7287A906EA5}.Debug|x64.ActiveCfg = Debug|x64
		{EA6D0972-A6C9-491E-8E13-B7287A906EA5}.Debug|x64.Build.0 = Debug|x64
		{EA6D0972-A6C9-491E-8E13-B7287A906EA5}.Debug|x86.ActiveCfg = Debug|Win32
		{EA6D0972-A6C9-491E-8E13-B7287A906EA5}.Debug|x86.Build.0 = Debug|Win32
		{EA6D0972-A6C9-491E-8E13-B7287A906EA5}.Release|x64.ActiveCfg = Release|x64
		{EA6D0972-A6C9-491E-8E13-B7287A906EA5}.Release|x64.Build.0 = Release|x64
		{EA6D0972-A6C9-491E-8E13-B7287A906EA5}.Release|x86.ActiveCfg = Release|Win32
		{EA6D0972-A6C9-491E-8E13-B7287A906EA5}.Release|x86.Build.0 = Release|Win32
		{65DEACAB-185F-4E19-AD30-7A6091AC8D30}.Debug|x64.ActiveCfg = Debug|x64
		{65DEACAB-185F-4E19-AD30-7A6091AC8D30}.Debug|x64.Build.0 = Debug|x64
		{65DEACAB-185F-4E19-AD30-7A6091AC8D30}.Debug|x86.ActiveCfg = Debug|Win32
		{65DEACAB-185F-4E19-AD30-7A6091AC8D30}.Debug|x86.Build.0 = Debug|Win32
		{65DEACAB-185F-4E19-AD30-7A6091AC8D30}.Release|x64.ActiveCfg = Release|x64
		{65DEACAB-185F-4E19-AD30-7A6091AC8D30}.Release|x64.Build.0 = Release|x64
		{65DEACAB-185F-4E19-AD30-7A6091AC8D30}.Release|x86.ActiveCfg = Release|Win32
		{65DEACAB-185F-4E19-AD30-7A6091AC8D30}.Release|x86.Build.0 = Release|Win32
		{2CE2C3B3-B0E1-4545-B228-648421FB2D35}.Debug|x64.ActiveCfg = Debug|x64
		{2CE2C3B3-B0E1-4545-B228-648421FB2D35}.Debug|x64.Build.0 = Debug|x64
		{2CE2C3B3-B0E1-4545-B228-648421FB2D35}.Debug|x86.ActiveCfg = Debug|Win32
		{2CE2C3B3-B0E1-4545-B228-648421FB2D35}.Debug|x86.Build.0 = Debug|Win32
		{2CE2C3B3-B0E1-4545-B228-648421FB2D35}.Release|x64.ActiveCfg = Release|x64
		{2CE2C3B3-B0E1-4545-B228-648421FB2D35}.Release|x64.Build.0 = Release|x64
		{2CE2C3B3-B0E1-4545-B228-648421FB2D35}.Release|x86.ActiveCfg = Release|Win32
		{2CE2C3B3-B0E1-4545-B228-648421FB2D35}.Release|x86.Build.0 = Release|Win32
		{ED0A4D7D-8AD9-4ECD-A6B1-0B040EC93846}.Debug|x64.ActiveCfg = Debug|x64
		{ED0A4D7D-8AD9-4ECD-A6B1-0B040EC93846}.Debug|x64.Build.0 = Debug|x64
		{ED0A4D7D-8AD9-4ECD-A6B1-0B040EC93846}.Debug|x86.ActiveCfg = Debug|Win32
		{ED0A4D7D-8AD9-4ECD-A6B1-0B040EC93846}.Debug|x86.Build.0 = Debug|Win32
		{ED0A4D7D-8AD9-4ECD-A6B1-0B040EC93846}.Release|x64.ActiveCfg = Release|x64
		{ED0A4D7D-8AD9-4ECD-A6B1-0B040EC93846}.Release|x64.Build.0 = Release|x64
		{ED0A4D7D-8AD9-4ECD-A6B1-0B040EC93846}.Release|x86.ActiveCfg = Release|Win32
		{ED0A4D7D-8AD9-4ECD-A6B1-0B040EC93846}.Release|x86.Build.0 = Release|Win32
		{D1D2325D-998D-4410-A70A-F1F8979B083F}.Debug|x64.ActiveCfg = Debug|x64
		{D1D2325D-998D-4410-A70A-F1F8979B083F}.Debug|x64.Build.0 = Debug|x64
		{D1D2325D-998D-4410-A70A-F1F8979B083F}.Debug|x86.ActiveCfg = Debug|Win32
		{D1D2325D-998D-4410-A70A-F1F8979B083F}.Debug|x86.Build.0 = Debug|Win32
		{D1D2325D-998D-4410-A70A-F1F8979B083F}.Release|x64.ActiveCfg = Release|x64
		{D1D2325D-998D-4410-A70A-F1F8979B083F}.Release|x64.Build.0 = Release|x64
		{D1D2325D-998D-4410-A70A-F1F8979B083F}.Release|x86.ActiveCfg = Release|Win32
		{D1D2325D-998D-4410-A70A-F1F8979B083F}.Release|x86.Build.0 = Release|Win32
		{90D83B87-877C-40C0-A746-86214AA7C565}.Debug|x64.ActiveCfg = Debug|x64
		{90D83B87-877C-40C0-A746-86214AA7C565}.Debug|x64.Build.0 = Debug|x64
		{90D83B87-877C-40C0-A746-86214AA7C565}.Debug|x86.ActiveCfg = Debug|Win32
		{90D83B87-877C-40C0-A746-86214AA7C565}.Debug|x86.Build.0 = Debug|Win32
		{90D83B87-877C-40C0-A746-86214AA7C565}.Release|x64.ActiveCfg = Release|x64
		{90D83B87-877C-40C0-A746-86214AA7C565}.Release|x64.Build.0 = Release|x64
		{90D83B87-877C-40C0-A746-86214AA7C565}.Release|x86.ActiveCfg = Release|Win32
		{90D83B87-877C-40C0-A746-86214AA7C565}.Release|x86.Build.0 = Release|Win32
		{76494887-884A-4936-89D6-3E827D77832D}.Debug|x64.ActiveCfg = Debug|x64
		{76494887-884A-4936-89D6-3E827D77832D}.Debug|x64.Build.0 = Debug|x64
		{76494887-884A-4936-89D6-3E827D77832D}.Debug|x86.ActiveCfg = Debug|Win32
		{76494887-884A-4936-89D6-3E827D77832D}.Debug|x86.Build.0 = Debug|Win32
		{76494887-884A-4936-89D6-3E827D77832D}.Release|x64.ActiveCfg = Release|x64
		{76494887-884A-4936-89D6-3E827D77832D}.Release|x64.Build.0 = Release|x64
		{76494887-884A-4936-89D6-3E827D77832D}.Release|x86.ActiveCfg = Release|Win32
		{76494887-884A-4936-89D6-3E827D77832D}.Release|x86.Build.0 = Release|Win32
		{89A55567-FF37-426A-81DC-0F44BD92014E}.Debug|x64.ActiveCfg = Debug|x64
		{89A55567-FF37-426A-81DC-0F44BD92014E}.Debug|x64.Build.0 = Debug|x64
		{89A55567-FF37-426A-81DC-0F44BD92014E}.Debug|x86.ActiveCfg = Debug|Win32
		{89A55567-FF37-426A-81DC-0F44BD92014E}.Debug|x86.Build.0 = Debug|Win32
		{89A55567-FF37-426A-81DC-0F44BD92014E}.Release|x64.ActiveCfg = Release|x64
		{89A55567-FF37-426A-81DC-0F44BD92014E}.Release|x64.Build.0 = Release|x64
		{89A55567-FF37-426A-81DC-0F44BD92014E}.Release|x86.ActiveCfg = Release|Win32
		{89A55567-FF37-426A-81DC-0F44BD92014E}.Release|x86.Build.0 = Release|Win32
		{99594A87-2C2F-4B83-80FE-7821201FC932}.Debug|x64.ActiveCfg = Debug|x64
		{99594A87-2C2F-4B83-80FE-7821201FC932}.Debug|x64.Build.0 = Debug|x64
		{99594A87-2C2F-4B83-80FE-7821201FC932}.Debug|x86.ActiveCfg = Debug|Win32
		{99594A87-2C2F-4B83-80FE-7821201FC932}.Debug|x86.Build.0 = Debug|Win32
		{99594A87-2C2F-4B83-80FE-7821201FC932}.Release|x64.ActiveCfg = Release|x64
		{99594A87-2C2F-4B83-80FE-7821201FC932}.Release|x64.Build.0 = Release|x64
		{99594A87-2C2F-4B83-80FE-7821201FC932}.Release|x86.ActiveCfg = Release|Win32
		{99594A87-2C2F-4B83-80FE-7821201FC932}.Release|x86.Build.0 = Release|Win32
		{03B66032-561F-43BD-8BDF-8F02C90827F4}.Debug|x64.ActiveCfg = Debug|x64
		{03B66032-561F-43BD-8BDF-8F02C90827F4}.Debug|x64.Build.0 = Debug|x64
		{03B66032-561F-43BD-8BDF-8F02C90827F4}.Debug|x86.ActiveCfg = Debug|Win32
		{03B66032-561F-43BD-8BDF-8F02C90827F4}.Debug|x86.Build.0 = Debug|Win32
		{03B66032-561F-43BD-8BDF-8F02C90827F4}.Release|x64.ActiveCfg = Release|x64
		{03B66032-561F-43BD-8BDF-8F02C90827F4}.Release|x64.Build.0 = Release|x64
		{03B66032-561F-43BD-8BDF-8F02C90827F4}.Release|x86.ActiveCfg = Release|Win32
		{03B66032-561F-43BD-8BDF-8F02C90827F4}.Release|x86.Build.0 = Release|Win32
		{26457D04-FD1F-4FBC-B72D-DF0A0725E7AA}.Debug|x64.ActiveCfg = Debug|x64
		{26457D04-FD1F-4FBC-B72D-DF0A0725E7AA}.Debug|x64.Build.0 = Debug|x64
		{26457D04-FD1F-4FBC-B72D-DF0A0725E7AA}.Debug|x86.ActiveCfg = Debug|Win32
		{26457D04-FD1F-4FBC-B72D-DF0A0725E7AA}.Debug|x86.Build.0 = Debug|Win32
		{26457D04-FD1F-4FBC-B72D-DF0A0725E7AA}.Release|x64.ActiveCfg = Release|x64
		{26457D04-FD1F-4FBC-B72D-DF0A0725E7AA}.Release|x64.Build.0 = Release|x64
		{26457D04-FD1F-4FBC-B72D-DF0A0725E7AA}.Release|x86.ActiveCfg = Release|Win32
		{26457D04-FD1F-4FBC-B72D-DF0A0725E7AA}.Release|x86.Build.0 = Release|Win32
		{36C8BCBA-CD2A-40BD-AC9F-FE766165AF65}.Debug|x64.ActiveCfg = Debug|x64
		{36C8BCBA-CD2A-40BD-AC9F-FE766165AF65}.Debug|x64.Build.0 = Debug|x64
		{36C8BCBA-CD2A-40BD-AC9F-FE766165AF65}.Debug|x86.ActiveCfg = Debug|Win32
		{36C8BCBA-CD2A-40BD-AC9F-FE766165AF65}.Debug|x86.Build.0 = Debug|Win32
		{36C8BCBA-CD2A-40BD-AC9F-FE766165AF65}.Release|x64.ActiveCfg = Release|x64
		{36C8BCBA-CD2A-40BD-AC9F-FE766165AF65}.Release|x64.Build.0 = Release|x64
		{36C8BCBA-CD2A-40BD-AC9F-FE766165AF65}.Release|x86.ActiveCfg = Release|Win32
		{36C8BCBA-CD2A-40BD-AC9F-FE766165AF65}.Release|x86.Build.0 = Release|Win32
		{234AFCBD-2E93-457C-A509-3B5EE5817733}.Debug|x64.ActiveCfg = Debug|x64
		{234AFCBD-2E93-457C-A509-3B5EE5817733}.Debug|x64.Build.0 = Debug|x64
		{234AFCBD-2E93-457C-A509-3B5EE5817733}.Debug|x86.ActiveCfg = Debug|Win32
		{234AFCBD-2E93-457C-A509-3B5EE5817733}.Debug|x86.Build.0 = Debug|Win32
		{234AFCBD-2E93-457C-A509-3B5EE5817733}.Release|x64.ActiveCfg = Release|x64
		{234AFCBD-2E93-457C-A509-3B5EE5817733}.Release|x64.Build.0 = Release|x64
		{234AFCBD-2E93-457C-A509-3B5EE5817733}.Release|x86.ActiveCfg = Release|Win32
		{234AFCBD-2E93-457C-A509-3B5EE5817733}.Release|x86.Build.0 = Release|Win32
		{F4D41FC1-560C-402C-A30B-A5D79CED1860}.Debug|x64.ActiveCfg = Debug|x64
		{F4D41FC1-560C-402C-A30B-A5D79CED1860}.Debug|x64.Build.0 = Debug|x64
		{F4D41FC1-560C-402C-A30B-A5D79CED1860}.Debug|x86.ActiveCfg = Debug|Win32
		{F4D41FC1-560C-402C-A30B-A5D79CED1860}.Debug|x86.Build.0 = Debug|Win32
		{F4D41FC1-560C-402C-A30B-A5D79CED1860}.Release|x64.ActiveCfg = Release|x64
		{F4D41FC1-560C-402C-A30B-A5D79CED1860}.Release|x64.Build.0 = Release|x64
		{F4D41FC1-560C-402C-A30B-A5D79CED1860}.Release|x86.ActiveCfg = Release|Win32
		{F4D41FC1-560C-402C-A30B-A5D79CED1860}.Release|x86.Build.0 = Release|Win32
		{A184CA4A-419E-4559-85CC-33A9B4A4D130}.Debug|x64.ActiveCfg = Debug|x64
		{A184CA4A-419E-4559-85CC-33A9B4A4D130}.Debug|x64.Build.0 = Debug|x64
		{A184CA4A-419E-4559-85CC-33A9B4A4D130}.Debug|x86.ActiveCfg = Debug|Win32
		{A184CA4A-419E-4559-85CC-33A9B4A4D130}.Debug|x86.Build.0 = Debug|Win32
		{A184CA4A-419E-4559-85CC-33A9B4A4D130}.Release|x64.ActiveCfg = Release|x64
		{A184CA4A-419E-4559-85CC-33A9B4A4D130}.Release|x64.Build.0 = Release|x64
		{A184CA4A-419E-4559-85CC-33A9B4A4D130}.Release|x86.ActiveCfg = Release|Win32
		{A184CA4A-419E-4559-85CC-33A9B4A4D130}.Release|x86.Build.0 = Release|Win32
	EndGlobalSection
	GlobalSection(SolutionProperties) = preSolution
		HideSolutionNode = FALSE
	EndGlobalSection
	GlobalSection(ExtensibilityGlobals) = postSolution
		SolutionGuid = {ACE25667-4B7E-4A58-BFBD-34CB585C0B59}
	EndGlobalSection
EndGlobal
